
Microsoft Visual Studio Solution File, Format Version 12.00
# Visual Studio Version 17
VisualStudioVersion = 17.10.34928.147
MinimumVisualStudioVersion = 10.0.40219.1
Project("{9A19103F-16F7-4668-BE54-9A1E7A4F7556}") = "01. Randomize Words", "01. Randomize Words\01. Randomize Words.csproj", "{614A15FA-4363-4F6F-9A99-2AB32C732FAE}"
EndProject
Project("{9A19103F-16F7-4668-BE54-9A1E7A4F7556}") = "demo", "demo\demo.csproj", "{BEDDD09A-2AC0-452C-9EED-F6F61611FD2D}"
EndProject
Project("{9A19103F-16F7-4668-BE54-9A1E7A4F7556}") = "02. Big Factorial", "02. Big Factorial\02. Big Factorial.csproj", "{8CAB0640-E295-4C51-AFC5-FDE7B9F16119}"
EndProject
Project("{9A19103F-16F7-4668-BE54-9A1E7A4F7556}") = "03. Songs", "03. Songs\03. Songs.csproj", "{A88F0EFD-4611-4EE3-B14B-1113A3238179}"
EndProject
Project("{FAE04EC0-301F-11D3-BF4B-00C04F79EFBC}") = "04. Students", "04. Students\04. Students.csproj", "{CC9D3A24-C681-463E-8C51-4E229794B647}"
EndProject
Project("{FAE04EC0-301F-11D3-BF4B-00C04F79EFBC}") = "05. Students 2.0 DA SE RESHI PAK", "05. Students 2.0\05. Students 2.0 DA SE RESHI PAK.csproj", "{0B7C1FBF-0946-45AF-BC84-D42C6E2A496F}"
EndProject
Project("{FAE04EC0-301F-11D3-BF4B-00C04F79EFBC}") = "06. Store Boxes DA SE RESHI PAK", "06. Store Boxes\06. Store Boxes DA SE RESHI PAK.csproj", "{580ACEE7-AFFE-4454-9360-FC979FFEAA42}"
EndProject
Project("{FAE04EC0-301F-11D3-BF4B-00C04F79EFBC}") = "07. Vehicle Catalogue", "07. Vehicle Catalogue\07. Vehicle Catalogue.csproj", "{33EDFF42-A25D-49A7-AA3E-D6B385D07CBB}"
EndProject
Global
	GlobalSection(SolutionConfigurationPlatforms) = preSolution
		Debug|Any CPU = Debug|Any CPU
		Release|Any CPU = Release|Any CPU
	EndGlobalSection
	GlobalSection(ProjectConfigurationPlatforms) = postSolution
		{614A15FA-4363-4F6F-9A99-2AB32C732FAE}.Debug|Any CPU.ActiveCfg = Debug|Any CPU
		{614A15FA-4363-4F6F-9A99-2AB32C732FAE}.Debug|Any CPU.Build.0 = Debug|Any CPU
		{614A15FA-4363-4F6F-9A99-2AB32C732FAE}.Release|Any CPU.ActiveCfg = Release|Any CPU
		{614A15FA-4363-4F6F-9A99-2AB32C732FAE}.Release|Any CPU.Build.0 = Release|Any CPU
		{BEDDD09A-2AC0-452C-9EED-F6F61611FD2D}.Debug|Any CPU.ActiveCfg = Debug|Any CPU
		{BEDDD09A-2AC0-452C-9EED-F6F61611FD2D}.Debug|Any CPU.Build.0 = Debug|Any CPU
		{BEDDD09A-2AC0-452C-9EED-F6F61611FD2D}.Release|Any CPU.ActiveCfg = Release|Any CPU
		{BEDDD09A-2AC0-452C-9EED-F6F61611FD2D}.Release|Any CPU.Build.0 = Release|Any CPU
		{8CAB0640-E295-4C51-AFC5-FDE7B9F16119}.Debug|Any CPU.ActiveCfg = Debug|Any CPU
		{8CAB0640-E295-4C51-AFC5-FDE7B9F16119}.Debug|Any CPU.Build.0 = Debug|Any CPU
		{8CAB0640-E295-4C51-AFC5-FDE7B9F16119}.Release|Any CPU.ActiveCfg = Release|Any CPU
		{8CAB0640-E295-4C51-AFC5-FDE7B9F16119}.Release|Any CPU.Build.0 = Release|Any CPU
		{A88F0EFD-4611-4EE3-B14B-1113A3238179}.Debug|Any CPU.ActiveCfg = Debug|Any CPU
		{A88F0EFD-4611-4EE3-B14B-1113A3238179}.Debug|Any CPU.Build.0 = Debug|Any CPU
		{A88F0EFD-4611-4EE3-B14B-1113A3238179}.Release|Any CPU.ActiveCfg = Release|Any CPU
		{A88F0EFD-4611-4EE3-B14B-1113A3238179}.Release|Any CPU.Build.0 = Release|Any CPU
		{CC9D3A24-C681-463E-8C51-4E229794B647}.Debug|Any CPU.ActiveCfg = Debug|Any CPU
		{CC9D3A24-C681-463E-8C51-4E229794B647}.Debug|Any CPU.Build.0 = Debug|Any CPU
		{CC9D3A24-C681-463E-8C51-4E229794B647}.Release|Any CPU.ActiveCfg = Release|Any CPU
		{CC9D3A24-C681-463E-8C51-4E229794B647}.Release|Any CPU.Build.0 = Release|Any CPU
		{0B7C1FBF-0946-45AF-BC84-D42C6E2A496F}.Debug|Any CPU.ActiveCfg = Debug|Any CPU
		{0B7C1FBF-0946-45AF-BC84-D42C6E2A496F}.Debug|Any CPU.Build.0 = Debug|Any CPU
		{0B7C1FBF-0946-45AF-BC84-D42C6E2A496F}.Release|Any CPU.ActiveCfg = Release|Any CPU
		{0B7C1FBF-0946-45AF-BC84-D42C6E2A496F}.Release|Any CPU.Build.0 = Release|Any CPU
		{580ACEE7-AFFE-4454-9360-FC979FFEAA42}.Debug|Any CPU.ActiveCfg = Debug|Any CPU
		{580ACEE7-AFFE-4454-9360-FC979FFEAA42}.Debug|Any CPU.Build.0 = Debug|Any CPU
		{580ACEE7-AFFE-4454-9360-FC979FFEAA42}.Release|Any CPU.ActiveCfg = Release|Any CPU
		{580ACEE7-AFFE-4454-9360-FC979FFEAA42}.Release|Any CPU.Build.0 = Release|Any CPU
		{33EDFF42-A25D-49A7-AA3E-D6B385D07CBB}.Debug|Any CPU.ActiveCfg = Debug|Any CPU
		{33EDFF42-A25D-49A7-AA3E-D6B385D07CBB}.Debug|Any CPU.Build.0 = Debug|Any CPU
		{33EDFF42-A25D-49A7-AA3E-D6B385D07CBB}.Release|Any CPU.ActiveCfg = Release|Any CPU
		{33EDFF42-A25D-49A7-AA3E-D6B385D07CBB}.Release|Any CPU.Build.0 = Release|Any CPU
	EndGlobalSection
	GlobalSection(SolutionProperties) = preSolution
		HideSolutionNode = FALSE
	EndGlobalSection
	GlobalSection(ExtensibilityGlobals) = postSolution
		SolutionGuid = {3498F638-A2AF-458D-A224-6F891B9F5392}
	EndGlobalSection
EndGlobal
