
Microsoft Visual Studio Solution File, Format Version 12.00
# Visual Studio Version 17
VisualStudioVersion = 17.10.35013.160
MinimumVisualStudioVersion = 10.0.40219.1
Project("{9A19103F-16F7-4668-BE54-9A1E7A4F7556}") = "01. Climb The Peaks", "01. Climb The Peaks\01. Climb The Peaks.csproj", "{371D0D26-C9E7-48D1-A43E-E1717D2FA744}"
EndProject
Project("{9A19103F-16F7-4668-BE54-9A1E7A4F7556}") = "02. Navy Battle", "02. Navy Battle\02. Navy Battle.csproj", "{BBAE39FF-987B-47FB-A93E-14BAC7749BA1}"
EndProject
Project("{9A19103F-16F7-4668-BE54-9A1E7A4F7556}") = "ShoeStore", "..\..\..\Desktop\ShoeStore\ShoeStore.csproj", "{17C1F8D9-0C22-481C-9458-D4376FCC41AB}"
EndProject
Project("{9A19103F-16F7-4668-BE54-9A1E7A4F7556}") = "001. Barista Contest", "001. Barista Contest\001. Barista Contest.csproj", "{E51B5EFE-4BC5-4F98-8FFA-475489E5AE7E}"
EndProject
Project("{9A19103F-16F7-4668-BE54-9A1E7A4F7556}") = "demooo", "demooo\demooo.csproj", "{9629E7A3-DD03-4402-A789-FEC2D1EAFBD0}"
EndProject
Project("{9A19103F-16F7-4668-BE54-9A1E7A4F7556}") = "002. Help-A-Mole", "002. Help-A-Mole\002. Help-A-Mole.csproj", "{0C9CD641-1595-438A-9FC2-15C2085521FF}"
EndProject
Project("{9A19103F-16F7-4668-BE54-9A1E7A4F7556}") = "Basketball", "..\..\..\Desktop\Skeleton (3)\Basketball.csproj", "{727E691E-881C-418E-8B74-6898BCDAF812}"
EndProject
Project("{9A19103F-16F7-4668-BE54-9A1E7A4F7556}") = "0001. Tiles Master", "0001. Tiles Master\0001. Tiles Master.csproj", "{3B72E474-AB1D-43CF-B51A-917E948ADD16}"
EndProject
Project("{9A19103F-16F7-4668-BE54-9A1E7A4F7556}") = "0002. Wall Destroyer", "0002. Wall Destroyer\0002. Wall Destroyer.csproj", "{F8C8EC8E-C030-4618-9F26-66C12F800EFB}"
EndProject
Project("{9A19103F-16F7-4668-BE54-9A1E7A4F7556}") = "Renovators", "..\..\..\Desktop\Renovators\Renovators.csproj", "{FDD825AC-1E58-445C-9944-12C13B597BEE}"
EndProject
Project("{9A19103F-16F7-4668-BE54-9A1E7A4F7556}") = "00001. Meal Plan", "00001. Meal Plan\00001. Meal Plan.csproj", "{595FD5AC-CF5B-4595-9D24-42749EF44658}"
EndProject
Project("{9A19103F-16F7-4668-BE54-9A1E7A4F7556}") = "000001. Bakery Shop", "000001. Bakery Shop\000001. Bakery Shop.csproj", "{A53D3EBD-91FB-4C4D-A374-15F796FBCF62}"
EndProject
Project("{9A19103F-16F7-4668-BE54-9A1E7A4F7556}") = "000002. Beaver at Work", "000002. Beaver at Work\000002. Beaver at Work.csproj", "{DA57E450-D265-400A-A283-8F62D5C27F55}"
EndProject
Project("{FAE04EC0-301F-11D3-BF4B-00C04F79EFBC}") = "0000001. Blacksmith", "0000001. Blacksmith\0000001. Blacksmith.csproj", "{FC6DABB6-A4CD-47F9-92F4-737D30BE8017}"
EndProject
Project("{FAE04EC0-301F-11D3-BF4B-00C04F79EFBC}") = "demoto DOT.Net 5", "demoto DOT.Net 5\demoto DOT.Net 5.csproj", "{C5C5FB79-52A2-4282-BFC0-5ED8454260AA}"
EndProject
Project("{FAE04EC0-301F-11D3-BF4B-00C04F79EFBC}") = "000000001. Birthday Celebration", "00000001. Birthday Celebration\000000001. Birthday Celebration.csproj", "{7745A996-0EEB-4D89-B5D5-1CEED51BBAA5}"
EndProject
Project("{FAE04EC0-301F-11D3-BF4B-00C04F79EFBC}") = "000000002. The Battle of The Five Armies", "000000002. The Battle of The Five Armies\000000002. The Battle of The Five Armies.csproj", "{6F2A46CB-8EE8-4CAD-904E-E9E058D39B28}"
EndProject
Global
	GlobalSection(SolutionConfigurationPlatforms) = preSolution
		Debug|Any CPU = Debug|Any CPU
		Release|Any CPU = Release|Any CPU
	EndGlobalSection
	GlobalSection(ProjectConfigurationPlatforms) = postSolution
		{371D0D26-C9E7-48D1-A43E-E1717D2FA744}.Debug|Any CPU.ActiveCfg = Debug|Any CPU
		{371D0D26-C9E7-48D1-A43E-E1717D2FA744}.Debug|Any CPU.Build.0 = Debug|Any CPU
		{371D0D26-C9E7-48D1-A43E-E1717D2FA744}.Release|Any CPU.ActiveCfg = Release|Any CPU
		{371D0D26-C9E7-48D1-A43E-E1717D2FA744}.Release|Any CPU.Build.0 = Release|Any CPU
		{BBAE39FF-987B-47FB-A93E-14BAC7749BA1}.Debug|Any CPU.ActiveCfg = Debug|Any CPU
		{BBAE39FF-987B-47FB-A93E-14BAC7749BA1}.Debug|Any CPU.Build.0 = Debug|Any CPU
		{BBAE39FF-987B-47FB-A93E-14BAC7749BA1}.Release|Any CPU.ActiveCfg = Release|Any CPU
		{BBAE39FF-987B-47FB-A93E-14BAC7749BA1}.Release|Any CPU.Build.0 = Release|Any CPU
		{17C1F8D9-0C22-481C-9458-D4376FCC41AB}.Debug|Any CPU.ActiveCfg = Debug|Any CPU
		{17C1F8D9-0C22-481C-9458-D4376FCC41AB}.Debug|Any CPU.Build.0 = Debug|Any CPU
		{17C1F8D9-0C22-481C-9458-D4376FCC41AB}.Release|Any CPU.ActiveCfg = Release|Any CPU
		{17C1F8D9-0C22-481C-9458-D4376FCC41AB}.Release|Any CPU.Build.0 = Release|Any CPU
		{E51B5EFE-4BC5-4F98-8FFA-475489E5AE7E}.Debug|Any CPU.ActiveCfg = Debug|Any CPU
		{E51B5EFE-4BC5-4F98-8FFA-475489E5AE7E}.Debug|Any CPU.Build.0 = Debug|Any CPU
		{E51B5EFE-4BC5-4F98-8FFA-475489E5AE7E}.Release|Any CPU.ActiveCfg = Release|Any CPU
		{E51B5EFE-4BC5-4F98-8FFA-475489E5AE7E}.Release|Any CPU.Build.0 = Release|Any CPU
		{9629E7A3-DD03-4402-A789-FEC2D1EAFBD0}.Debug|Any CPU.ActiveCfg = Debug|Any CPU
		{9629E7A3-DD03-4402-A789-FEC2D1EAFBD0}.Debug|Any CPU.Build.0 = Debug|Any CPU
		{9629E7A3-DD03-4402-A789-FEC2D1EAFBD0}.Release|Any CPU.ActiveCfg = Release|Any CPU
		{9629E7A3-DD03-4402-A789-FEC2D1EAFBD0}.Release|Any CPU.Build.0 = Release|Any CPU
		{0C9CD641-1595-438A-9FC2-15C2085521FF}.Debug|Any CPU.ActiveCfg = Debug|Any CPU
		{0C9CD641-1595-438A-9FC2-15C2085521FF}.Debug|Any CPU.Build.0 = Debug|Any CPU
		{0C9CD641-1595-438A-9FC2-15C2085521FF}.Release|Any CPU.ActiveCfg = Release|Any CPU
		{0C9CD641-1595-438A-9FC2-15C2085521FF}.Release|Any CPU.Build.0 = Release|Any CPU
		{727E691E-881C-418E-8B74-6898BCDAF812}.Debug|Any CPU.ActiveCfg = Debug|Any CPU
		{727E691E-881C-418E-8B74-6898BCDAF812}.Debug|Any CPU.Build.0 = Debug|Any CPU
		{727E691E-881C-418E-8B74-6898BCDAF812}.Release|Any CPU.ActiveCfg = Release|Any CPU
		{727E691E-881C-418E-8B74-6898BCDAF812}.Release|Any CPU.Build.0 = Release|Any CPU
		{3B72E474-AB1D-43CF-B51A-917E948ADD16}.Debug|Any CPU.ActiveCfg = Debug|Any CPU
		{3B72E474-AB1D-43CF-B51A-917E948ADD16}.Debug|Any CPU.Build.0 = Debug|Any CPU
		{3B72E474-AB1D-43CF-B51A-917E948ADD16}.Release|Any CPU.ActiveCfg = Release|Any CPU
		{3B72E474-AB1D-43CF-B51A-917E948ADD16}.Release|Any CPU.Build.0 = Release|Any CPU
		{F8C8EC8E-C030-4618-9F26-66C12F800EFB}.Debug|Any CPU.ActiveCfg = Debug|Any CPU
		{F8C8EC8E-C030-4618-9F26-66C12F800EFB}.Debug|Any CPU.Build.0 = Debug|Any CPU
		{F8C8EC8E-C030-4618-9F26-66C12F800EFB}.Release|Any CPU.ActiveCfg = Release|Any CPU
		{F8C8EC8E-C030-4618-9F26-66C12F800EFB}.Release|Any CPU.Build.0 = Release|Any CPU
		{FDD825AC-1E58-445C-9944-12C13B597BEE}.Debug|Any CPU.ActiveCfg = Debug|Any CPU
		{FDD825AC-1E58-445C-9944-12C13B597BEE}.Debug|Any CPU.Build.0 = Debug|Any CPU
		{FDD825AC-1E58-445C-9944-12C13B597BEE}.Release|Any CPU.ActiveCfg = Release|Any CPU
		{FDD825AC-1E58-445C-9944-12C13B597BEE}.Release|Any CPU.Build.0 = Release|Any CPU
		{595FD5AC-CF5B-4595-9D24-42749EF44658}.Debug|Any CPU.ActiveCfg = Debug|Any CPU
		{595FD5AC-CF5B-4595-9D24-42749EF44658}.Debug|Any CPU.Build.0 = Debug|Any CPU
		{595FD5AC-CF5B-4595-9D24-42749EF44658}.Release|Any CPU.ActiveCfg = Release|Any CPU
		{595FD5AC-CF5B-4595-9D24-42749EF44658}.Release|Any CPU.Build.0 = Release|Any CPU
		{A53D3EBD-91FB-4C4D-A374-15F796FBCF62}.Debug|Any CPU.ActiveCfg = Debug|Any CPU
		{A53D3EBD-91FB-4C4D-A374-15F796FBCF62}.Debug|Any CPU.Build.0 = Debug|Any CPU
		{A53D3EBD-91FB-4C4D-A374-15F796FBCF62}.Release|Any CPU.ActiveCfg = Release|Any CPU
		{A53D3EBD-91FB-4C4D-A374-15F796FBCF62}.Release|Any CPU.Build.0 = Release|Any CPU
		{DA57E450-D265-400A-A283-8F62D5C27F55}.Debug|Any CPU.ActiveCfg = Debug|Any CPU
		{DA57E450-D265-400A-A283-8F62D5C27F55}.Debug|Any CPU.Build.0 = Debug|Any CPU
		{DA57E450-D265-400A-A283-8F62D5C27F55}.Release|Any CPU.ActiveCfg = Release|Any CPU
		{DA57E450-D265-400A-A283-8F62D5C27F55}.Release|Any CPU.Build.0 = Release|Any CPU
		{FC6DABB6-A4CD-47F9-92F4-737D30BE8017}.Debug|Any CPU.ActiveCfg = Debug|Any CPU
		{FC6DABB6-A4CD-47F9-92F4-737D30BE8017}.Debug|Any CPU.Build.0 = Debug|Any CPU
		{FC6DABB6-A4CD-47F9-92F4-737D30BE8017}.Release|Any CPU.ActiveCfg = Release|Any CPU
		{FC6DABB6-A4CD-47F9-92F4-737D30BE8017}.Release|Any CPU.Build.0 = Release|Any CPU
		{C5C5FB79-52A2-4282-BFC0-5ED8454260AA}.Debug|Any CPU.ActiveCfg = Debug|Any CPU
		{C5C5FB79-52A2-4282-BFC0-5ED8454260AA}.Debug|Any CPU.Build.0 = Debug|Any CPU
		{C5C5FB79-52A2-4282-BFC0-5ED8454260AA}.Release|Any CPU.ActiveCfg = Release|Any CPU
		{C5C5FB79-52A2-4282-BFC0-5ED8454260AA}.Release|Any CPU.Build.0 = Release|Any CPU
		{7745A996-0EEB-4D89-B5D5-1CEED51BBAA5}.Debug|Any CPU.ActiveCfg = Debug|Any CPU
		{7745A996-0EEB-4D89-B5D5-1CEED51BBAA5}.Debug|Any CPU.Build.0 = Debug|Any CPU
		{7745A996-0EEB-4D89-B5D5-1CEED51BBAA5}.Release|Any CPU.ActiveCfg = Release|Any CPU
		{7745A996-0EEB-4D89-B5D5-1CEED51BBAA5}.Release|Any CPU.Build.0 = Release|Any CPU
		{6F2A46CB-8EE8-4CAD-904E-E9E058D39B28}.Debug|Any CPU.ActiveCfg = Debug|Any CPU
		{6F2A46CB-8EE8-4CAD-904E-E9E058D39B28}.Debug|Any CPU.Build.0 = Debug|Any CPU
		{6F2A46CB-8EE8-4CAD-904E-E9E058D39B28}.Release|Any CPU.ActiveCfg = Release|Any CPU
		{6F2A46CB-8EE8-4CAD-904E-E9E058D39B28}.Release|Any CPU.Build.0 = Release|Any CPU
	EndGlobalSection
	GlobalSection(SolutionProperties) = preSolution
		HideSolutionNode = FALSE
	EndGlobalSection
	GlobalSection(ExtensibilityGlobals) = postSolution
		SolutionGuid = {B34F5879-31C7-421B-B095-340E605859CC}
	EndGlobalSection
EndGlobal
