
Microsoft Visual Studio Solution File, Format Version 12.00
# Visual Studio Version 17
VisualStudioVersion = 17.10.35013.160
MinimumVisualStudioVersion = 10.0.40219.1
Project("{FAE04EC0-301F-11D3-BF4B-00C04F79EFBC}") = "01. Diagonal Difference", "01. Diagonal Difference\01. Diagonal Difference.csproj", "{55A37F0A-5BB7-42D1-B3A5-C63AB7CEF4E4}"
EndProject
Project("{FAE04EC0-301F-11D3-BF4B-00C04F79EFBC}") = "02. Squares in Matrix DA SE RESHI PAK", "02. Squares in Matrix\02. Squares in Matrix DA SE RESHI PAK.csproj", "{E65D7EA3-6044-4706-86D6-63214E30E432}"
EndProject
Project("{FAE04EC0-301F-11D3-BF4B-00C04F79EFBC}") = "demo", "demo\demo.csproj", "{0856DBF9-0F5C-4859-8BE0-171D4CE8704E}"
EndProject
Project("{FAE04EC0-301F-11D3-BF4B-00C04F79EFBC}") = "03. Maximal Sum", "03. Maximal Sum\03. Maximal Sum.csproj", "{BF40275C-602F-4C9D-B5B4-9CCB4791D43B}"
EndProject
Project("{FAE04EC0-301F-11D3-BF4B-00C04F79EFBC}") = "02. Squares in Matrix JaggedArray", "02. Squares in Matrix JaggedArray\02. Squares in Matrix JaggedArray.csproj", "{2458CFFD-4614-4EB2-9B4C-CAA47DF01AC6}"
EndProject
Project("{FAE04EC0-301F-11D3-BF4B-00C04F79EFBC}") = "04. Matrix Shuffling", "04. Matrix Shuffling\04. Matrix Shuffling.csproj", "{A40A5FE4-387A-44A2-89AB-313DC5927A58}"
EndProject
Project("{FAE04EC0-301F-11D3-BF4B-00C04F79EFBC}") = "05. Snake Moves", "05. Snake Moves\05. Snake Moves.csproj", "{E3403D06-6181-41FD-98BA-DEB0DDE5ECB1}"
EndProject
Project("{FAE04EC0-301F-11D3-BF4B-00C04F79EFBC}") = "6. Jagged Array Manipulator", "6. Jagged Array Manipulator\6. Jagged Array Manipulator.csproj", "{FB7113A5-C813-4D1A-8E69-237B9EA54944}"
EndProject
Global
	GlobalSection(SolutionConfigurationPlatforms) = preSolution
		Debug|Any CPU = Debug|Any CPU
		Release|Any CPU = Release|Any CPU
	EndGlobalSection
	GlobalSection(ProjectConfigurationPlatforms) = postSolution
		{55A37F0A-5BB7-42D1-B3A5-C63AB7CEF4E4}.Debug|Any CPU.ActiveCfg = Debug|Any CPU
		{55A37F0A-5BB7-42D1-B3A5-C63AB7CEF4E4}.Debug|Any CPU.Build.0 = Debug|Any CPU
		{55A37F0A-5BB7-42D1-B3A5-C63AB7CEF4E4}.Release|Any CPU.ActiveCfg = Release|Any CPU
		{55A37F0A-5BB7-42D1-B3A5-C63AB7CEF4E4}.Release|Any CPU.Build.0 = Release|Any CPU
		{E65D7EA3-6044-4706-86D6-63214E30E432}.Debug|Any CPU.ActiveCfg = Debug|Any CPU
		{E65D7EA3-6044-4706-86D6-63214E30E432}.Debug|Any CPU.Build.0 = Debug|Any CPU
		{E65D7EA3-6044-4706-86D6-63214E30E432}.Release|Any CPU.ActiveCfg = Release|Any CPU
		{E65D7EA3-6044-4706-86D6-63214E30E432}.Release|Any CPU.Build.0 = Release|Any CPU
		{0856DBF9-0F5C-4859-8BE0-171D4CE8704E}.Debug|Any CPU.ActiveCfg = Debug|Any CPU
		{0856DBF9-0F5C-4859-8BE0-171D4CE8704E}.Debug|Any CPU.Build.0 = Debug|Any CPU
		{0856DBF9-0F5C-4859-8BE0-171D4CE8704E}.Release|Any CPU.ActiveCfg = Release|Any CPU
		{0856DBF9-0F5C-4859-8BE0-171D4CE8704E}.Release|Any CPU.Build.0 = Release|Any CPU
		{BF40275C-602F-4C9D-B5B4-9CCB4791D43B}.Debug|Any CPU.ActiveCfg = Debug|Any CPU
		{BF40275C-602F-4C9D-B5B4-9CCB4791D43B}.Debug|Any CPU.Build.0 = Debug|Any CPU
		{BF40275C-602F-4C9D-B5B4-9CCB4791D43B}.Release|Any CPU.ActiveCfg = Release|Any CPU
		{BF40275C-602F-4C9D-B5B4-9CCB4791D43B}.Release|Any CPU.Build.0 = Release|Any CPU
		{2458CFFD-4614-4EB2-9B4C-CAA47DF01AC6}.Debug|Any CPU.ActiveCfg = Debug|Any CPU
		{2458CFFD-4614-4EB2-9B4C-CAA47DF01AC6}.Debug|Any CPU.Build.0 = Debug|Any CPU
		{2458CFFD-4614-4EB2-9B4C-CAA47DF01AC6}.Release|Any CPU.ActiveCfg = Release|Any CPU
		{2458CFFD-4614-4EB2-9B4C-CAA47DF01AC6}.Release|Any CPU.Build.0 = Release|Any CPU
		{A40A5FE4-387A-44A2-89AB-313DC5927A58}.Debug|Any CPU.ActiveCfg = Debug|Any CPU
		{A40A5FE4-387A-44A2-89AB-313DC5927A58}.Debug|Any CPU.Build.0 = Debug|Any CPU
		{A40A5FE4-387A-44A2-89AB-313DC5927A58}.Release|Any CPU.ActiveCfg = Release|Any CPU
		{A40A5FE4-387A-44A2-89AB-313DC5927A58}.Release|Any CPU.Build.0 = Release|Any CPU
		{E3403D06-6181-41FD-98BA-DEB0DDE5ECB1}.Debug|Any CPU.ActiveCfg = Debug|Any CPU
		{E3403D06-6181-41FD-98BA-DEB0DDE5ECB1}.Debug|Any CPU.Build.0 = Debug|Any CPU
		{E3403D06-6181-41FD-98BA-DEB0DDE5ECB1}.Release|Any CPU.ActiveCfg = Release|Any CPU
		{E3403D06-6181-41FD-98BA-DEB0DDE5ECB1}.Release|Any CPU.Build.0 = Release|Any CPU
		{FB7113A5-C813-4D1A-8E69-237B9EA54944}.Debug|Any CPU.ActiveCfg = Debug|Any CPU
		{FB7113A5-C813-4D1A-8E69-237B9EA54944}.Debug|Any CPU.Build.0 = Debug|Any CPU
		{FB7113A5-C813-4D1A-8E69-237B9EA54944}.Release|Any CPU.ActiveCfg = Release|Any CPU
		{FB7113A5-C813-4D1A-8E69-237B9EA54944}.Release|Any CPU.Build.0 = Release|Any CPU
	EndGlobalSection
	GlobalSection(SolutionProperties) = preSolution
		HideSolutionNode = FALSE
	EndGlobalSection
	GlobalSection(ExtensibilityGlobals) = postSolution
		SolutionGuid = {F23BD3CA-DC85-4FFE-825A-BDA412723A62}
	EndGlobalSection
EndGlobal
