
Microsoft Visual Studio Solution File, Format Version 12.00
# Visual Studio Version 16
VisualStudioVersion = 16.0.29001.49
MinimumVisualStudioVersion = 10.0.40219.1
Project("{9A19103F-16F7-4668-BE54-9A1E7A4F7556}") = "01. Sort Numbers", "01. Sort Numbers\01. Sort Numbers.csproj", "{7F9DC676-7707-4473-B8A2-32F2E7E28157}"
EndProject
Project("{9A19103F-16F7-4668-BE54-9A1E7A4F7556}") = "02. English Name of the Last Digit", "demo\02. English Name of the Last Digit.csproj", "{A7558444-BE5D-40BE-812D-D046BD766AF1}"
EndProject
Project("{9A19103F-16F7-4668-BE54-9A1E7A4F7556}") = "03. Gaming Store DA SE RESHI PAK", "03. Gaming Store\03. Gaming Store DA SE RESHI PAK.csproj", "{7705D7FF-DDA8-443A-B121-8A4AB1B93250}"
EndProject
Project("{9A19103F-16F7-4668-BE54-9A1E7A4F7556}") = "04. Reverse String", "04. Reverse String\04. Reverse String.csproj", "{FD38A058-293D-4381-B788-06BA817C82D0}"
EndProject
Project("{9A19103F-16F7-4668-BE54-9A1E7A4F7556}") = "05. Messages", "05. Messages\05. Messages.csproj", "{6B182BC4-5479-422D-9768-3E04614481AC}"
EndProject
Project("{FAE04EC0-301F-11D3-BF4B-00C04F79EFBC}") = "demotobe", "demotobe\demotobe.csproj", "{FCD89F5F-8FF4-499C-865B-37FD731C5123}"
EndProject
Global
	GlobalSection(SolutionConfigurationPlatforms) = preSolution
		Debug|Any CPU = Debug|Any CPU
		Release|Any CPU = Release|Any CPU
	EndGlobalSection
	GlobalSection(ProjectConfigurationPlatforms) = postSolution
		{7F9DC676-7707-4473-B8A2-32F2E7E28157}.Debug|Any CPU.ActiveCfg = Debug|Any CPU
		{7F9DC676-7707-4473-B8A2-32F2E7E28157}.Debug|Any CPU.Build.0 = Debug|Any CPU
		{7F9DC676-7707-4473-B8A2-32F2E7E28157}.Release|Any CPU.ActiveCfg = Release|Any CPU
		{7F9DC676-7707-4473-B8A2-32F2E7E28157}.Release|Any CPU.Build.0 = Release|Any CPU
		{A7558444-BE5D-40BE-812D-D046BD766AF1}.Debug|Any CPU.ActiveCfg = Debug|Any CPU
		{A7558444-BE5D-40BE-812D-D046BD766AF1}.Debug|Any CPU.Build.0 = Debug|Any CPU
		{A7558444-BE5D-40BE-812D-D046BD766AF1}.Release|Any CPU.ActiveCfg = Release|Any CPU
		{A7558444-BE5D-40BE-812D-D046BD766AF1}.Release|Any CPU.Build.0 = Release|Any CPU
		{7705D7FF-DDA8-443A-B121-8A4AB1B93250}.Debug|Any CPU.ActiveCfg = Debug|Any CPU
		{7705D7FF-DDA8-443A-B121-8A4AB1B93250}.Debug|Any CPU.Build.0 = Debug|Any CPU
		{7705D7FF-DDA8-443A-B121-8A4AB1B93250}.Release|Any CPU.ActiveCfg = Release|Any CPU
		{7705D7FF-DDA8-443A-B121-8A4AB1B93250}.Release|Any CPU.Build.0 = Release|Any CPU
		{FD38A058-293D-4381-B788-06BA817C82D0}.Debug|Any CPU.ActiveCfg = Debug|Any CPU
		{FD38A058-293D-4381-B788-06BA817C82D0}.Debug|Any CPU.Build.0 = Debug|Any CPU
		{FD38A058-293D-4381-B788-06BA817C82D0}.Release|Any CPU.ActiveCfg = Release|Any CPU
		{FD38A058-293D-4381-B788-06BA817C82D0}.Release|Any CPU.Build.0 = Release|Any CPU
		{6B182BC4-5479-422D-9768-3E04614481AC}.Debug|Any CPU.ActiveCfg = Debug|Any CPU
		{6B182BC4-5479-422D-9768-3E04614481AC}.Debug|Any CPU.Build.0 = Debug|Any CPU
		{6B182BC4-5479-422D-9768-3E04614481AC}.Release|Any CPU.ActiveCfg = Release|Any CPU
		{6B182BC4-5479-422D-9768-3E04614481AC}.Release|Any CPU.Build.0 = Release|Any CPU
		{FCD89F5F-8FF4-499C-865B-37FD731C5123}.Debug|Any CPU.ActiveCfg = Debug|Any CPU
		{FCD89F5F-8FF4-499C-865B-37FD731C5123}.Debug|Any CPU.Build.0 = Debug|Any CPU
		{FCD89F5F-8FF4-499C-865B-37FD731C5123}.Release|Any CPU.ActiveCfg = Release|Any CPU
		{FCD89F5F-8FF4-499C-865B-37FD731C5123}.Release|Any CPU.Build.0 = Release|Any CPU
	EndGlobalSection
	GlobalSection(SolutionProperties) = preSolution
		HideSolutionNode = FALSE
	EndGlobalSection
	GlobalSection(ExtensibilityGlobals) = postSolution
		SolutionGuid = {AEE79646-F483-44DB-9E5A-058D6CC00ADF}
	EndGlobalSection
EndGlobal
