
Microsoft Visual Studio Solution File, Format Version 12.00
# Visual Studio Version 17
VisualStudioVersion = 17.10.35013.160
MinimumVisualStudioVersion = 10.0.40219.1
Project("{9A19103F-16F7-4668-BE54-9A1E7A4F7556}") = "CarManufacturer", "CarManufacturer.csproj", "{33E5E318-54D1-40FF-9322-23FCDF580980}"
EndProject
Global
	GlobalSection(SolutionConfigurationPlatforms) = preSolution
		Debug|Any CPU = Debug|Any CPU
		Release|Any CPU = Release|Any CPU
	EndGlobalSection
	GlobalSection(ProjectConfigurationPlatforms) = postSolution
		{33E5E318-54D1-40FF-9322-23FCDF580980}.Debug|Any CPU.ActiveCfg = Debug|Any CPU
		{33E5E318-54D1-40FF-9322-23FCDF580980}.Debug|Any CPU.Build.0 = Debug|Any CPU
		{33E5E318-54D1-40FF-9322-23FCDF580980}.Release|Any CPU.ActiveCfg = Release|Any CPU
		{33E5E318-54D1-40FF-9322-23FCDF580980}.Release|Any CPU.Build.0 = Release|Any CPU
	EndGlobalSection
	GlobalSection(SolutionProperties) = preSolution
		HideSolutionNode = FALSE
	EndGlobalSection
	GlobalSection(ExtensibilityGlobals) = postSolution
		SolutionGuid = {38312A40-8853-4F66-B0FE-C98997AC01BE}
	EndGlobalSection
EndGlobal
