
Microsoft Visual Studio Solution File, Format Version 12.00
# Visual Studio Version 17
VisualStudioVersion = 17.10.35013.160
MinimumVisualStudioVersion = 10.0.40219.1
Project("{9A19103F-16F7-4668-BE54-9A1E7A4F7556}") = "01. Sort Even Numbers", "01. Sort Even Numbers\01. Sort Even Numbers.csproj", "{4704051E-6B89-49FB-B1C4-A818ADE5F2B5}"
EndProject
Project("{9A19103F-16F7-4668-BE54-9A1E7A4F7556}") = "02. Sum Numbers", "02. Sum Numbers\02. Sum Numbers.csproj", "{DC9A1A66-A74E-4F08-8EC1-3C5A7E77BB97}"
EndProject
Project("{FAE04EC0-301F-11D3-BF4B-00C04F79EFBC}") = "03. Count Uppercase Words", "03. Count Uppercase Words\03. Count Uppercase Words.csproj", "{30EC9B99-5089-494A-97F7-458758A4AA5B}"
EndProject
Project("{FAE04EC0-301F-11D3-BF4B-00C04F79EFBC}") = "04. Add VAT", "04. Add VAT\04. Add VAT.csproj", "{8D2137CD-AFC7-4030-AF9A-04992A92CFB0}"
EndProject
Project("{FAE04EC0-301F-11D3-BF4B-00C04F79EFBC}") = "05. Filter By Age", "05. Filter By Age\05. Filter By Age.csproj", "{EED24C65-F5C6-420B-B28A-92580C0E0634}"
EndProject
Project("{FAE04EC0-301F-11D3-BF4B-00C04F79EFBC}") = "demo", "demo\demo.csproj", "{C5324EAE-6AC5-4A63-A248-B293E1951405}"
EndProject
Global
	GlobalSection(SolutionConfigurationPlatforms) = preSolution
		Debug|Any CPU = Debug|Any CPU
		Release|Any CPU = Release|Any CPU
	EndGlobalSection
	GlobalSection(ProjectConfigurationPlatforms) = postSolution
		{4704051E-6B89-49FB-B1C4-A818ADE5F2B5}.Debug|Any CPU.ActiveCfg = Debug|Any CPU
		{4704051E-6B89-49FB-B1C4-A818ADE5F2B5}.Debug|Any CPU.Build.0 = Debug|Any CPU
		{4704051E-6B89-49FB-B1C4-A818ADE5F2B5}.Release|Any CPU.ActiveCfg = Release|Any CPU
		{4704051E-6B89-49FB-B1C4-A818ADE5F2B5}.Release|Any CPU.Build.0 = Release|Any CPU
		{DC9A1A66-A74E-4F08-8EC1-3C5A7E77BB97}.Debug|Any CPU.ActiveCfg = Debug|Any CPU
		{DC9A1A66-A74E-4F08-8EC1-3C5A7E77BB97}.Debug|Any CPU.Build.0 = Debug|Any CPU
		{DC9A1A66-A74E-4F08-8EC1-3C5A7E77BB97}.Release|Any CPU.ActiveCfg = Release|Any CPU
		{DC9A1A66-A74E-4F08-8EC1-3C5A7E77BB97}.Release|Any CPU.Build.0 = Release|Any CPU
		{30EC9B99-5089-494A-97F7-458758A4AA5B}.Debug|Any CPU.ActiveCfg = Debug|Any CPU
		{30EC9B99-5089-494A-97F7-458758A4AA5B}.Debug|Any CPU.Build.0 = Debug|Any CPU
		{30EC9B99-5089-494A-97F7-458758A4AA5B}.Release|Any CPU.ActiveCfg = Release|Any CPU
		{30EC9B99-5089-494A-97F7-458758A4AA5B}.Release|Any CPU.Build.0 = Release|Any CPU
		{8D2137CD-AFC7-4030-AF9A-04992A92CFB0}.Debug|Any CPU.ActiveCfg = Debug|Any CPU
		{8D2137CD-AFC7-4030-AF9A-04992A92CFB0}.Debug|Any CPU.Build.0 = Debug|Any CPU
		{8D2137CD-AFC7-4030-AF9A-04992A92CFB0}.Release|Any CPU.ActiveCfg = Release|Any CPU
		{8D2137CD-AFC7-4030-AF9A-04992A92CFB0}.Release|Any CPU.Build.0 = Release|Any CPU
		{EED24C65-F5C6-420B-B28A-92580C0E0634}.Debug|Any CPU.ActiveCfg = Debug|Any CPU
		{EED24C65-F5C6-420B-B28A-92580C0E0634}.Debug|Any CPU.Build.0 = Debug|Any CPU
		{EED24C65-F5C6-420B-B28A-92580C0E0634}.Release|Any CPU.ActiveCfg = Release|Any CPU
		{EED24C65-F5C6-420B-B28A-92580C0E0634}.Release|Any CPU.Build.0 = Release|Any CPU
		{C5324EAE-6AC5-4A63-A248-B293E1951405}.Debug|Any CPU.ActiveCfg = Debug|Any CPU
		{C5324EAE-6AC5-4A63-A248-B293E1951405}.Debug|Any CPU.Build.0 = Debug|Any CPU
		{C5324EAE-6AC5-4A63-A248-B293E1951405}.Release|Any CPU.ActiveCfg = Release|Any CPU
		{C5324EAE-6AC5-4A63-A248-B293E1951405}.Release|Any CPU.Build.0 = Release|Any CPU
	EndGlobalSection
	GlobalSection(SolutionProperties) = preSolution
		HideSolutionNode = FALSE
	EndGlobalSection
	GlobalSection(ExtensibilityGlobals) = postSolution
		SolutionGuid = {54FBB372-FD99-45A2-91CF-CED6783F5FCE}
	EndGlobalSection
EndGlobal
