
Microsoft Visual Studio Solution File, Format Version 12.00
# Visual Studio Version 17
VisualStudioVersion = 17.13.35825.156
MinimumVisualStudioVersion = 10.0.40219.1
Project("{FAE04EC0-301F-11D3-BF4B-00C04F79EFBC}") = "ENTITY FRAMEWORK INTRODUCTION", "ENTITY FRAMEWORK INTRODUCTION\ENTITY FRAMEWORK INTRODUCTION.csproj", "{38B4D521-F495-44E1-ADCF-1899BF71B58B}"
EndProject
Project("{FAE04EC0-301F-11D3-BF4B-00C04F79EFBC}") = "EFCoreCodeFirst", "EFCoreCodeFirst\EFCoreCodeFirst.csproj", "{3208E5F7-105A-4345-9562-549B81DDF2D4}"
EndProject
Global
	GlobalSection(SolutionConfigurationPlatforms) = preSolution
		Debug|Any CPU = Debug|Any CPU
		Release|Any CPU = Release|Any CPU
	EndGlobalSection
	GlobalSection(ProjectConfigurationPlatforms) = postSolution
		{38B4D521-F495-44E1-ADCF-1899BF71B58B}.Debug|Any CPU.ActiveCfg = Debug|Any CPU
		{38B4D521-F495-44E1-ADCF-1899BF71B58B}.Debug|Any CPU.Build.0 = Debug|Any CPU
		{38B4D521-F495-44E1-ADCF-1899BF71B58B}.Release|Any CPU.ActiveCfg = Release|Any CPU
		{38B4D521-F495-44E1-ADCF-1899BF71B58B}.Release|Any CPU.Build.0 = Release|Any CPU
		{3208E5F7-105A-4345-9562-549B81DDF2D4}.Debug|Any CPU.ActiveCfg = Debug|Any CPU
		{3208E5F7-105A-4345-9562-549B81DDF2D4}.Debug|Any CPU.Build.0 = Debug|Any CPU
		{3208E5F7-105A-4345-9562-549B81DDF2D4}.Release|Any CPU.ActiveCfg = Release|Any CPU
		{3208E5F7-105A-4345-9562-549B81DDF2D4}.Release|Any CPU.Build.0 = Release|Any CPU
	EndGlobalSection
	GlobalSection(SolutionProperties) = preSolution
		HideSolutionNode = FALSE
	EndGlobalSection
	GlobalSection(ExtensibilityGlobals) = postSolution
		SolutionGuid = {4518BADB-0930-4AB4-AAD1-3D889A1BEE43}
	EndGlobalSection
EndGlobal
