
Microsoft Visual Studio Solution File, Format Version 12.00
# Visual Studio Version 17
VisualStudioVersion = 17.10.35013.160
MinimumVisualStudioVersion = 10.0.40219.1
Project("{9A19103F-16F7-4668-BE54-9A1E7A4F7556}") = "01. Ranking", "01. Ranking\01. Ranking.csproj", "{3C209DF2-E1ED-4A57-9495-CB389932DDCC}"
EndProject
Project("{FAE04EC0-301F-11D3-BF4B-00C04F79EFBC}") = "demo", "demo\demo.csproj", "{767C829F-7818-491A-88D8-351000DA4918}"
EndProject
Project("{FAE04EC0-301F-11D3-BF4B-00C04F79EFBC}") = "02. Judge", "02. Judge\02. Judge.csproj", "{27C57760-0349-4672-B284-27C752A6C768}"
EndProject
Global
	GlobalSection(SolutionConfigurationPlatforms) = preSolution
		Debug|Any CPU = Debug|Any CPU
		Release|Any CPU = Release|Any CPU
	EndGlobalSection
	GlobalSection(ProjectConfigurationPlatforms) = postSolution
		{3C209DF2-E1ED-4A57-9495-CB389932DDCC}.Debug|Any CPU.ActiveCfg = Debug|Any CPU
		{3C209DF2-E1ED-4A57-9495-CB389932DDCC}.Debug|Any CPU.Build.0 = Debug|Any CPU
		{3C209DF2-E1ED-4A57-9495-CB389932DDCC}.Release|Any CPU.ActiveCfg = Release|Any CPU
		{3C209DF2-E1ED-4A57-9495-CB389932DDCC}.Release|Any CPU.Build.0 = Release|Any CPU
		{767C829F-7818-491A-88D8-351000DA4918}.Debug|Any CPU.ActiveCfg = Debug|Any CPU
		{767C829F-7818-491A-88D8-351000DA4918}.Debug|Any CPU.Build.0 = Debug|Any CPU
		{767C829F-7818-491A-88D8-351000DA4918}.Release|Any CPU.ActiveCfg = Release|Any CPU
		{767C829F-7818-491A-88D8-351000DA4918}.Release|Any CPU.Build.0 = Release|Any CPU
		{27C57760-0349-4672-B284-27C752A6C768}.Debug|Any CPU.ActiveCfg = Debug|Any CPU
		{27C57760-0349-4672-B284-27C752A6C768}.Debug|Any CPU.Build.0 = Debug|Any CPU
		{27C57760-0349-4672-B284-27C752A6C768}.Release|Any CPU.ActiveCfg = Release|Any CPU
		{27C57760-0349-4672-B284-27C752A6C768}.Release|Any CPU.Build.0 = Release|Any CPU
	EndGlobalSection
	GlobalSection(SolutionProperties) = preSolution
		HideSolutionNode = FALSE
	EndGlobalSection
	GlobalSection(ExtensibilityGlobals) = postSolution
		SolutionGuid = {6A031FC0-FA6B-4A70-A0D5-4F67DC554093}
	EndGlobalSection
EndGlobal
