
Microsoft Visual Studio Solution File, Format Version 12.00
# Visual Studio Version 16
VisualStudioVersion = 16.0.29001.49
MinimumVisualStudioVersion = 10.0.40219.1
Project("{9A19103F-16F7-4668-BE54-9A1E7A4F7556}") = "01. Cinema", "01. Cinema\01. Cinema.csproj", "{F0582218-1930-4D92-9062-51A076F296B4}"
EndProject
Project("{9A19103F-16F7-4668-BE54-9A1E7A4F7556}") = "02. Summer Outfit", "02. Summer Outfit\02. Summer Outfit.csproj", "{A7D98448-BF4A-4ABD-91D5-1344E0664570}"
EndProject
Project("{9A19103F-16F7-4668-BE54-9A1E7A4F7556}") = "03. New House", "03. New House\03. New House.csproj", "{9DDE5E1F-0949-4B46-B90E-A44C5787F58E}"
EndProject
Project("{9A19103F-16F7-4668-BE54-9A1E7A4F7556}") = "04. Fishing Boat DA SE RESHI OTNOVO", "04. Fishing Boat\04. Fishing Boat DA SE RESHI OTNOVO.csproj", "{CEF486DD-D8C0-4979-AC13-889ED4FAC447}"
EndProject
Project("{9A19103F-16F7-4668-BE54-9A1E7A4F7556}") = "demooo", "demooo\demooo.csproj", "{B2F7FC96-9894-4E6D-B4C6-AF4B2517C5E8}"
EndProject
Project("{9A19103F-16F7-4668-BE54-9A1E7A4F7556}") = "05. Journey", "05. Journey\05. Journey.csproj", "{1F998B7B-929F-4DBD-8721-9AA447DD4208}"
EndProject
Project("{9A19103F-16F7-4668-BE54-9A1E7A4F7556}") = "06. Operations Between Numbers", "06. Operations Between Numbers\06. Operations Between Numbers.csproj", "{16EFBC20-3835-404B-AB72-94DE394052B7}"
EndProject
Project("{9A19103F-16F7-4668-BE54-9A1E7A4F7556}") = "07. Hotel Room", "07. Hotel Room\07. Hotel Room.csproj", "{44430135-46AC-489A-B3DA-8CB234A7DEC7}"
EndProject
Project("{9A19103F-16F7-4668-BE54-9A1E7A4F7556}") = "08. On Time for the Exam PULEN TASHAK", "08. On Time for the Exam\08. On Time for the Exam PULEN TASHAK.csproj", "{D3E5B526-476B-468A-86A8-429902FB9F4F}"
EndProject
Project("{FAE04EC0-301F-11D3-BF4B-00C04F79EFBC}") = "09. Ski Trip", "09. Ski Trip\09. Ski Trip.csproj", "{4013412C-257E-4E75-9ABD-7984FC900C19}"
EndProject
Global
	GlobalSection(SolutionConfigurationPlatforms) = preSolution
		Debug|Any CPU = Debug|Any CPU
		Release|Any CPU = Release|Any CPU
	EndGlobalSection
	GlobalSection(ProjectConfigurationPlatforms) = postSolution
		{F0582218-1930-4D92-9062-51A076F296B4}.Debug|Any CPU.ActiveCfg = Debug|Any CPU
		{F0582218-1930-4D92-9062-51A076F296B4}.Debug|Any CPU.Build.0 = Debug|Any CPU
		{F0582218-1930-4D92-9062-51A076F296B4}.Release|Any CPU.ActiveCfg = Release|Any CPU
		{F0582218-1930-4D92-9062-51A076F296B4}.Release|Any CPU.Build.0 = Release|Any CPU
		{A7D98448-BF4A-4ABD-91D5-1344E0664570}.Debug|Any CPU.ActiveCfg = Debug|Any CPU
		{A7D98448-BF4A-4ABD-91D5-1344E0664570}.Debug|Any CPU.Build.0 = Debug|Any CPU
		{A7D98448-BF4A-4ABD-91D5-1344E0664570}.Release|Any CPU.ActiveCfg = Release|Any CPU
		{A7D98448-BF4A-4ABD-91D5-1344E0664570}.Release|Any CPU.Build.0 = Release|Any CPU
		{9DDE5E1F-0949-4B46-B90E-A44C5787F58E}.Debug|Any CPU.ActiveCfg = Debug|Any CPU
		{9DDE5E1F-0949-4B46-B90E-A44C5787F58E}.Debug|Any CPU.Build.0 = Debug|Any CPU
		{9DDE5E1F-0949-4B46-B90E-A44C5787F58E}.Release|Any CPU.ActiveCfg = Release|Any CPU
		{9DDE5E1F-0949-4B46-B90E-A44C5787F58E}.Release|Any CPU.Build.0 = Release|Any CPU
		{CEF486DD-D8C0-4979-AC13-889ED4FAC447}.Debug|Any CPU.ActiveCfg = Debug|Any CPU
		{CEF486DD-D8C0-4979-AC13-889ED4FAC447}.Debug|Any CPU.Build.0 = Debug|Any CPU
		{CEF486DD-D8C0-4979-AC13-889ED4FAC447}.Release|Any CPU.ActiveCfg = Release|Any CPU
		{CEF486DD-D8C0-4979-AC13-889ED4FAC447}.Release|Any CPU.Build.0 = Release|Any CPU
		{B2F7FC96-9894-4E6D-B4C6-AF4B2517C5E8}.Debug|Any CPU.ActiveCfg = Debug|Any CPU
		{B2F7FC96-9894-4E6D-B4C6-AF4B2517C5E8}.Debug|Any CPU.Build.0 = Debug|Any CPU
		{B2F7FC96-9894-4E6D-B4C6-AF4B2517C5E8}.Release|Any CPU.ActiveCfg = Release|Any CPU
		{B2F7FC96-9894-4E6D-B4C6-AF4B2517C5E8}.Release|Any CPU.Build.0 = Release|Any CPU
		{1F998B7B-929F-4DBD-8721-9AA447DD4208}.Debug|Any CPU.ActiveCfg = Debug|Any CPU
		{1F998B7B-929F-4DBD-8721-9AA447DD4208}.Debug|Any CPU.Build.0 = Debug|Any CPU
		{1F998B7B-929F-4DBD-8721-9AA447DD4208}.Release|Any CPU.ActiveCfg = Release|Any CPU
		{1F998B7B-929F-4DBD-8721-9AA447DD4208}.Release|Any CPU.Build.0 = Release|Any CPU
		{16EFBC20-3835-404B-AB72-94DE394052B7}.Debug|Any CPU.ActiveCfg = Debug|Any CPU
		{16EFBC20-3835-404B-AB72-94DE394052B7}.Debug|Any CPU.Build.0 = Debug|Any CPU
		{16EFBC20-3835-404B-AB72-94DE394052B7}.Release|Any CPU.ActiveCfg = Release|Any CPU
		{16EFBC20-3835-404B-AB72-94DE394052B7}.Release|Any CPU.Build.0 = Release|Any CPU
		{44430135-46AC-489A-B3DA-8CB234A7DEC7}.Debug|Any CPU.ActiveCfg = Debug|Any CPU
		{44430135-46AC-489A-B3DA-8CB234A7DEC7}.Debug|Any CPU.Build.0 = Debug|Any CPU
		{44430135-46AC-489A-B3DA-8CB234A7DEC7}.Release|Any CPU.ActiveCfg = Release|Any CPU
		{44430135-46AC-489A-B3DA-8CB234A7DEC7}.Release|Any CPU.Build.0 = Release|Any CPU
		{D3E5B526-476B-468A-86A8-429902FB9F4F}.Debug|Any CPU.ActiveCfg = Debug|Any CPU
		{D3E5B526-476B-468A-86A8-429902FB9F4F}.Debug|Any CPU.Build.0 = Debug|Any CPU
		{D3E5B526-476B-468A-86A8-429902FB9F4F}.Release|Any CPU.ActiveCfg = Release|Any CPU
		{D3E5B526-476B-468A-86A8-429902FB9F4F}.Release|Any CPU.Build.0 = Release|Any CPU
		{4013412C-257E-4E75-9ABD-7984FC900C19}.Debug|Any CPU.ActiveCfg = Debug|Any CPU
		{4013412C-257E-4E75-9ABD-7984FC900C19}.Debug|Any CPU.Build.0 = Debug|Any CPU
		{4013412C-257E-4E75-9ABD-7984FC900C19}.Release|Any CPU.ActiveCfg = Release|Any CPU
		{4013412C-257E-4E75-9ABD-7984FC900C19}.Release|Any CPU.Build.0 = Release|Any CPU
	EndGlobalSection
	GlobalSection(SolutionProperties) = preSolution
		HideSolutionNode = FALSE
	EndGlobalSection
	GlobalSection(ExtensibilityGlobals) = postSolution
		SolutionGuid = {59B86651-FBFA-4946-91D0-BD8A4EE27AF4}
	EndGlobalSection
EndGlobal
