
Microsoft Visual Studio Solution File, Format Version 12.00
# Visual Studio Version 16
VisualStudioVersion = 16.0.29001.49
MinimumVisualStudioVersion = 10.0.40219.1
Project("{FAE04EC0-301F-11D3-BF4B-00C04F79EFBC}") = "html_css", "html_css\html_css.csproj", "{37D96EFB-1999-4B70-8F5C-A286161E3416}"
EndProject
Global
	GlobalSection(SolutionConfigurationPlatforms) = preSolution
		Debug|Any CPU = Debug|Any CPU
		Release|Any CPU = Release|Any CPU
	EndGlobalSection
	GlobalSection(ProjectConfigurationPlatforms) = postSolution
		{37D96EFB-1999-4B70-8F5C-A286161E3416}.Debug|Any CPU.ActiveCfg = Debug|Any CPU
		{37D96EFB-1999-4B70-8F5C-A286161E3416}.Debug|Any CPU.Build.0 = Debug|Any CPU
		{37D96EFB-1999-4B70-8F5C-A286161E3416}.Release|Any CPU.ActiveCfg = Release|Any CPU
		{37D96EFB-1999-4B70-8F5C-A286161E3416}.Release|Any CPU.Build.0 = Release|Any CPU
	EndGlobalSection
	GlobalSection(SolutionProperties) = preSolution
		HideSolutionNode = FALSE
	EndGlobalSection
	GlobalSection(ExtensibilityGlobals) = postSolution
		SolutionGuid = {775CC076-0EF3-4B32-AB4D-BAFB1F45B018}
	EndGlobalSection
EndGlobal
