
Microsoft Visual Studio Solution File, Format Version 12.00
# Visual Studio Version 17
VisualStudioVersion = 17.10.35013.160
MinimumVisualStudioVersion = 10.0.40219.1
Project("{9A19103F-16F7-4668-BE54-9A1E7A4F7556}") = "02. Beesy", "02. Beesy\02. Beesy.csproj", "{28C42DA1-F657-4D08-99DC-A1B2BA64A899}"
EndProject
Project("{9A19103F-16F7-4668-BE54-9A1E7A4F7556}") = "01. Rapid Courier", "01. Rapid Courier\01. Rapid Courier.csproj", "{88BD8813-C488-431C-B470-AA00C0BE5AD8}"
EndProject
Project("{9A19103F-16F7-4668-BE54-9A1E7A4F7556}") = "EstateAgency", "03. Estate Agency\EstateAgency.csproj", "{E18A0D18-46ED-44D2-B552-BBF63C7749AE}"
EndProject
Project("{9A19103F-16F7-4668-BE54-9A1E7A4F7556}") = "001. Wild Survival", "001. Wild Survival\001. Wild Survival.csproj", "{165930C1-ABC7-4746-9796-320F3D812BBE}"
EndProject
Project("{9A19103F-16F7-4668-BE54-9A1E7A4F7556}") = "demo", "demo\demo.csproj", "{4CA4A513-32B2-4128-892E-D00559CAB9DA}"
EndProject
Project("{9A19103F-16F7-4668-BE54-9A1E7A4F7556}") = "002. Collecting Stars", "002. Collecting Stars\002. Collecting Stars.csproj", "{F8DE926D-F026-45B9-9A20-185883ACCE78}"
EndProject
Project("{9A19103F-16F7-4668-BE54-9A1E7A4F7556}") = "CocktailBar", "..\..\..\Desktop\Coctail Bar\CocktailBar\CocktailBar.csproj", "{5335DE6C-0D15-4E72-A536-D636BE53E49D}"
EndProject
Project("{9A19103F-16F7-4668-BE54-9A1E7A4F7556}") = "DataCenter", "..\..\..\Desktop\DataCenter\DataCenter\DataCenter.csproj", "{ECF8F870-C101-4DEB-BFAB-FA2603769D8A}"
EndProject
Project("{9A19103F-16F7-4668-BE54-9A1E7A4F7556}") = "0002. Escape the Maze DA SE RESHI PAK", "0002. Escape the Maze\0002. Escape the Maze DA SE RESHI PAK.csproj", "{4F02077A-895D-41FC-B3AA-6FFA11EA72FC}"
EndProject
Project("{9A19103F-16F7-4668-BE54-9A1E7A4F7556}") = "0001. Pie Pursuit", "0001. Pie Pursuit\0001. Pie Pursuit.csproj", "{108D1715-12C5-46DF-95ED-8761ADC692BF}"
EndProject
Project("{9A19103F-16F7-4668-BE54-9A1E7A4F7556}") = "00001. Chicken Snack DA SE RESHI PAK", "00001. Chicken Snack\00001. Chicken Snack DA SE RESHI PAK.csproj", "{DA8898ED-3782-4DFB-AB0D-99CBD3EF23B9}"
EndProject
Project("{9A19103F-16F7-4668-BE54-9A1E7A4F7556}") = "00002. Clear Skies", "00002. Clear Skies\00002. Clear Skies.csproj", "{B75D5963-7544-4ED6-9517-9F8C00E3E3C4}"
EndProject
Project("{9A19103F-16F7-4668-BE54-9A1E7A4F7556}") = "SharkTaxonomy", "..\..\..\Desktop\SharkTaxonomy-Skeleton\SharkTaxonomy\SharkTaxonomy.csproj", "{398BC9A5-29DA-487A-95F1-DB0E232073F6}"
EndProject
Project("{9A19103F-16F7-4668-BE54-9A1E7A4F7556}") = "000001. Worms And Holes", "000001. Worms And Holes\000001. Worms And Holes.csproj", "{DD771271-19F2-4F8E-ACC5-E3D0BC961160}"
EndProject
Project("{9A19103F-16F7-4668-BE54-9A1E7A4F7556}") = "000002. The Gambler", "000002. The Gambler\000002. The Gambler.csproj", "{A73F941B-D61F-4682-9794-566C70F791B6}"
EndProject
Project("{9A19103F-16F7-4668-BE54-9A1E7A4F7556}") = "GroceriesManagement", "..\..\..\Desktop\GroceriesManagement\GroceriesManagement\GroceriesManagement.csproj", "{47134647-5C93-4529-B0CA-7B97DAF06305}"
EndProject
Project("{9A19103F-16F7-4668-BE54-9A1E7A4F7556}") = "0000001. Offroad Challenge", "0000001. Offroad Challenge\0000001. Offroad Challenge.csproj", "{C34C1766-C649-493F-86BC-1B6CA09AB27A}"
EndProject
Project("{9A19103F-16F7-4668-BE54-9A1E7A4F7556}") = "0000002. Fishing Competition", "0000002. Fishing Competition\0000002. Fishing Competition.csproj", "{3635CC15-7CEB-4EC6-9D91-2DAE5FBA76FF}"
EndProject
Project("{9A19103F-16F7-4668-BE54-9A1E7A4F7556}") = "MailClient", "..\..\..\Desktop\MailClient\MailClient\MailClient.csproj", "{D52151AC-658D-4CBD-8E4C-F2CA44A6FFEA}"
EndProject
Project("{9A19103F-16F7-4668-BE54-9A1E7A4F7556}") = "00000001. Monster Extermination DA SE RESHI PAK", "00000001. Monster Extermination\00000001. Monster Extermination DA SE RESHI PAK.csproj", "{5D6525A3-E367-474C-80CB-94B15CCFEC84}"
EndProject
Project("{9A19103F-16F7-4668-BE54-9A1E7A4F7556}") = "00000002. Delivery Boy", "00000002. Delivery Boy\00000002. Delivery Boy.csproj", "{EE1FE01F-8D45-464E-B404-384CEA0EA243}"
EndProject
Project("{9A19103F-16F7-4668-BE54-9A1E7A4F7556}") = "VendingSystem", "..\..\..\Desktop\VendingSystem_Skeleton_netcoreapp6.0\VendingSystem\VendingSystem.csproj", "{E0782369-9181-429E-81D8-36BED966B5A6}"
EndProject
Project("{9A19103F-16F7-4668-BE54-9A1E7A4F7556}") = "000000001. Temple of Doom", "000000001. Temple of Doom\000000001. Temple of Doom.csproj", "{00FF12DF-ADE4-40B7-A099-EE1ACA4D8E46}"
EndProject
Project("{9A19103F-16F7-4668-BE54-9A1E7A4F7556}") = "0000000002. Mouse In The Kitchen", "0000000002. Mouse In The Kitchen\0000000002. Mouse In The Kitchen.csproj", "{3FD6C71D-4A7E-430D-935E-7A235AF94103}"
EndProject
Project("{9A19103F-16F7-4668-BE54-9A1E7A4F7556}") = "AutomotiveRepairShop", "..\..\..\Desktop\AutomotiveRepairShop\AutomotiveRepairShop\AutomotiveRepairShop.csproj", "{BE4264CF-DF0B-483C-ABE3-9FA82A2375B3}"
EndProject
Project("{9A19103F-16F7-4668-BE54-9A1E7A4F7556}") = "00000000001. Rubber Duck Debuggers", "00000000001. Rubber Duck Debuggers\00000000001. Rubber Duck Debuggers.csproj", "{58CCCFE6-36E3-4F0B-AAF1-C03497BC4BB4}"
EndProject
Project("{9A19103F-16F7-4668-BE54-9A1E7A4F7556}") = "000000000002. The Squirrel", "000000000002. The Squirrel\000000000002. The Squirrel.csproj", "{2D067588-F33B-4C35-91E5-9FFFDAAC07D8}"
EndProject
Project("{9A19103F-16F7-4668-BE54-9A1E7A4F7556}") = "ClothesMagazine", "..\..\..\Desktop\ClothesMagazine-Skeleton-6.0\ClothesMagazine.csproj", "{024C9F72-F803-40EA-BFA6-25F9E51DA983}"
EndProject
Project("{FAE04EC0-301F-11D3-BF4B-00C04F79EFBC}") = "0000000000001. Apocalypse Preparation DA SE RESHI PAK", "0000000000001. Apocalypse Preparation\0000000000001. Apocalypse Preparation DA SE RESHI PAK.csproj", "{69D8E16B-4954-4314-A927-B3F650D8CD13}"
EndProject
Project("{FAE04EC0-301F-11D3-BF4B-00C04F79EFBC}") = "00000000000002. Blind Man's Buff", "00000000000002. Blind Man's Buff\00000000000002. Blind Man's Buff.csproj", "{B01CCC55-0BC5-4537-9CF9-95E8692B4E66}"
EndProject
Project("{9A19103F-16F7-4668-BE54-9A1E7A4F7556}") = "SoftUniKindergarten", "..\..\..\Desktop\SoftUniKindergarten_Skeleton_6.0\SoftUniKindergarten.csproj", "{805DCFE3-D398-424C-9CE2-1B1DA91CA8E5}"
EndProject
Global
	GlobalSection(SolutionConfigurationPlatforms) = preSolution
		Debug|Any CPU = Debug|Any CPU
		Release|Any CPU = Release|Any CPU
	EndGlobalSection
	GlobalSection(ProjectConfigurationPlatforms) = postSolution
		{28C42DA1-F657-4D08-99DC-A1B2BA64A899}.Debug|Any CPU.ActiveCfg = Debug|Any CPU
		{28C42DA1-F657-4D08-99DC-A1B2BA64A899}.Debug|Any CPU.Build.0 = Debug|Any CPU
		{28C42DA1-F657-4D08-99DC-A1B2BA64A899}.Release|Any CPU.ActiveCfg = Release|Any CPU
		{28C42DA1-F657-4D08-99DC-A1B2BA64A899}.Release|Any CPU.Build.0 = Release|Any CPU
		{88BD8813-C488-431C-B470-AA00C0BE5AD8}.Debug|Any CPU.ActiveCfg = Debug|Any CPU
		{88BD8813-C488-431C-B470-AA00C0BE5AD8}.Debug|Any CPU.Build.0 = Debug|Any CPU
		{88BD8813-C488-431C-B470-AA00C0BE5AD8}.Release|Any CPU.ActiveCfg = Release|Any CPU
		{88BD8813-C488-431C-B470-AA00C0BE5AD8}.Release|Any CPU.Build.0 = Release|Any CPU
		{E18A0D18-46ED-44D2-B552-BBF63C7749AE}.Debug|Any CPU.ActiveCfg = Debug|Any CPU
		{E18A0D18-46ED-44D2-B552-BBF63C7749AE}.Debug|Any CPU.Build.0 = Debug|Any CPU
		{E18A0D18-46ED-44D2-B552-BBF63C7749AE}.Release|Any CPU.ActiveCfg = Release|Any CPU
		{E18A0D18-46ED-44D2-B552-BBF63C7749AE}.Release|Any CPU.Build.0 = Release|Any CPU
		{165930C1-ABC7-4746-9796-320F3D812BBE}.Debug|Any CPU.ActiveCfg = Debug|Any CPU
		{165930C1-ABC7-4746-9796-320F3D812BBE}.Debug|Any CPU.Build.0 = Debug|Any CPU
		{165930C1-ABC7-4746-9796-320F3D812BBE}.Release|Any CPU.ActiveCfg = Release|Any CPU
		{165930C1-ABC7-4746-9796-320F3D812BBE}.Release|Any CPU.Build.0 = Release|Any CPU
		{4CA4A513-32B2-4128-892E-D00559CAB9DA}.Debug|Any CPU.ActiveCfg = Debug|Any CPU
		{4CA4A513-32B2-4128-892E-D00559CAB9DA}.Debug|Any CPU.Build.0 = Debug|Any CPU
		{4CA4A513-32B2-4128-892E-D00559CAB9DA}.Release|Any CPU.ActiveCfg = Release|Any CPU
		{4CA4A513-32B2-4128-892E-D00559CAB9DA}.Release|Any CPU.Build.0 = Release|Any CPU
		{F8DE926D-F026-45B9-9A20-185883ACCE78}.Debug|Any CPU.ActiveCfg = Debug|Any CPU
		{F8DE926D-F026-45B9-9A20-185883ACCE78}.Debug|Any CPU.Build.0 = Debug|Any CPU
		{F8DE926D-F026-45B9-9A20-185883ACCE78}.Release|Any CPU.ActiveCfg = Release|Any CPU
		{F8DE926D-F026-45B9-9A20-185883ACCE78}.Release|Any CPU.Build.0 = Release|Any CPU
		{5335DE6C-0D15-4E72-A536-D636BE53E49D}.Debug|Any CPU.ActiveCfg = Debug|Any CPU
		{5335DE6C-0D15-4E72-A536-D636BE53E49D}.Debug|Any CPU.Build.0 = Debug|Any CPU
		{5335DE6C-0D15-4E72-A536-D636BE53E49D}.Release|Any CPU.ActiveCfg = Release|Any CPU
		{5335DE6C-0D15-4E72-A536-D636BE53E49D}.Release|Any CPU.Build.0 = Release|Any CPU
		{ECF8F870-C101-4DEB-BFAB-FA2603769D8A}.Debug|Any CPU.ActiveCfg = Debug|Any CPU
		{ECF8F870-C101-4DEB-BFAB-FA2603769D8A}.Debug|Any CPU.Build.0 = Debug|Any CPU
		{ECF8F870-C101-4DEB-BFAB-FA2603769D8A}.Release|Any CPU.ActiveCfg = Release|Any CPU
		{ECF8F870-C101-4DEB-BFAB-FA2603769D8A}.Release|Any CPU.Build.0 = Release|Any CPU
		{4F02077A-895D-41FC-B3AA-6FFA11EA72FC}.Debug|Any CPU.ActiveCfg = Debug|Any CPU
		{4F02077A-895D-41FC-B3AA-6FFA11EA72FC}.Debug|Any CPU.Build.0 = Debug|Any CPU
		{4F02077A-895D-41FC-B3AA-6FFA11EA72FC}.Release|Any CPU.ActiveCfg = Release|Any CPU
		{4F02077A-895D-41FC-B3AA-6FFA11EA72FC}.Release|Any CPU.Build.0 = Release|Any CPU
		{108D1715-12C5-46DF-95ED-8761ADC692BF}.Debug|Any CPU.ActiveCfg = Debug|Any CPU
		{108D1715-12C5-46DF-95ED-8761ADC692BF}.Debug|Any CPU.Build.0 = Debug|Any CPU
		{108D1715-12C5-46DF-95ED-8761ADC692BF}.Release|Any CPU.ActiveCfg = Release|Any CPU
		{108D1715-12C5-46DF-95ED-8761ADC692BF}.Release|Any CPU.Build.0 = Release|Any CPU
		{DA8898ED-3782-4DFB-AB0D-99CBD3EF23B9}.Debug|Any CPU.ActiveCfg = Debug|Any CPU
		{DA8898ED-3782-4DFB-AB0D-99CBD3EF23B9}.Debug|Any CPU.Build.0 = Debug|Any CPU
		{DA8898ED-3782-4DFB-AB0D-99CBD3EF23B9}.Release|Any CPU.ActiveCfg = Release|Any CPU
		{DA8898ED-3782-4DFB-AB0D-99CBD3EF23B9}.Release|Any CPU.Build.0 = Release|Any CPU
		{B75D5963-7544-4ED6-9517-9F8C00E3E3C4}.Debug|Any CPU.ActiveCfg = Debug|Any CPU
		{B75D5963-7544-4ED6-9517-9F8C00E3E3C4}.Debug|Any CPU.Build.0 = Debug|Any CPU
		{B75D5963-7544-4ED6-9517-9F8C00E3E3C4}.Release|Any CPU.ActiveCfg = Release|Any CPU
		{B75D5963-7544-4ED6-9517-9F8C00E3E3C4}.Release|Any CPU.Build.0 = Release|Any CPU
		{398BC9A5-29DA-487A-95F1-DB0E232073F6}.Debug|Any CPU.ActiveCfg = Debug|Any CPU
		{398BC9A5-29DA-487A-95F1-DB0E232073F6}.Debug|Any CPU.Build.0 = Debug|Any CPU
		{398BC9A5-29DA-487A-95F1-DB0E232073F6}.Release|Any CPU.ActiveCfg = Release|Any CPU
		{398BC9A5-29DA-487A-95F1-DB0E232073F6}.Release|Any CPU.Build.0 = Release|Any CPU
		{DD771271-19F2-4F8E-ACC5-E3D0BC961160}.Debug|Any CPU.ActiveCfg = Debug|Any CPU
		{DD771271-19F2-4F8E-ACC5-E3D0BC961160}.Debug|Any CPU.Build.0 = Debug|Any CPU
		{DD771271-19F2-4F8E-ACC5-E3D0BC961160}.Release|Any CPU.ActiveCfg = Release|Any CPU
		{DD771271-19F2-4F8E-ACC5-E3D0BC961160}.Release|Any CPU.Build.0 = Release|Any CPU
		{A73F941B-D61F-4682-9794-566C70F791B6}.Debug|Any CPU.ActiveCfg = Debug|Any CPU
		{A73F941B-D61F-4682-9794-566C70F791B6}.Debug|Any CPU.Build.0 = Debug|Any CPU
		{A73F941B-D61F-4682-9794-566C70F791B6}.Release|Any CPU.ActiveCfg = Release|Any CPU
		{A73F941B-D61F-4682-9794-566C70F791B6}.Release|Any CPU.Build.0 = Release|Any CPU
		{47134647-5C93-4529-B0CA-7B97DAF06305}.Debug|Any CPU.ActiveCfg = Debug|Any CPU
		{47134647-5C93-4529-B0CA-7B97DAF06305}.Debug|Any CPU.Build.0 = Debug|Any CPU
		{47134647-5C93-4529-B0CA-7B97DAF06305}.Release|Any CPU.ActiveCfg = Release|Any CPU
		{47134647-5C93-4529-B0CA-7B97DAF06305}.Release|Any CPU.Build.0 = Release|Any CPU
		{C34C1766-C649-493F-86BC-1B6CA09AB27A}.Debug|Any CPU.ActiveCfg = Debug|Any CPU
		{C34C1766-C649-493F-86BC-1B6CA09AB27A}.Debug|Any CPU.Build.0 = Debug|Any CPU
		{C34C1766-C649-493F-86BC-1B6CA09AB27A}.Release|Any CPU.ActiveCfg = Release|Any CPU
		{C34C1766-C649-493F-86BC-1B6CA09AB27A}.Release|Any CPU.Build.0 = Release|Any CPU
		{3635CC15-7CEB-4EC6-9D91-2DAE5FBA76FF}.Debug|Any CPU.ActiveCfg = Debug|Any CPU
		{3635CC15-7CEB-4EC6-9D91-2DAE5FBA76FF}.Debug|Any CPU.Build.0 = Debug|Any CPU
		{3635CC15-7CEB-4EC6-9D91-2DAE5FBA76FF}.Release|Any CPU.ActiveCfg = Release|Any CPU
		{3635CC15-7CEB-4EC6-9D91-2DAE5FBA76FF}.Release|Any CPU.Build.0 = Release|Any CPU
		{D52151AC-658D-4CBD-8E4C-F2CA44A6FFEA}.Debug|Any CPU.ActiveCfg = Debug|Any CPU
		{D52151AC-658D-4CBD-8E4C-F2CA44A6FFEA}.Debug|Any CPU.Build.0 = Debug|Any CPU
		{D52151AC-658D-4CBD-8E4C-F2CA44A6FFEA}.Release|Any CPU.ActiveCfg = Release|Any CPU
		{D52151AC-658D-4CBD-8E4C-F2CA44A6FFEA}.Release|Any CPU.Build.0 = Release|Any CPU
		{5D6525A3-E367-474C-80CB-94B15CCFEC84}.Debug|Any CPU.ActiveCfg = Debug|Any CPU
		{5D6525A3-E367-474C-80CB-94B15CCFEC84}.Debug|Any CPU.Build.0 = Debug|Any CPU
		{5D6525A3-E367-474C-80CB-94B15CCFEC84}.Release|Any CPU.ActiveCfg = Release|Any CPU
		{5D6525A3-E367-474C-80CB-94B15CCFEC84}.Release|Any CPU.Build.0 = Release|Any CPU
		{EE1FE01F-8D45-464E-B404-384CEA0EA243}.Debug|Any CPU.ActiveCfg = Debug|Any CPU
		{EE1FE01F-8D45-464E-B404-384CEA0EA243}.Debug|Any CPU.Build.0 = Debug|Any CPU
		{EE1FE01F-8D45-464E-B404-384CEA0EA243}.Release|Any CPU.ActiveCfg = Release|Any CPU
		{EE1FE01F-8D45-464E-B404-384CEA0EA243}.Release|Any CPU.Build.0 = Release|Any CPU
		{E0782369-9181-429E-81D8-36BED966B5A6}.Debug|Any CPU.ActiveCfg = Debug|Any CPU
		{E0782369-9181-429E-81D8-36BED966B5A6}.Debug|Any CPU.Build.0 = Debug|Any CPU
		{E0782369-9181-429E-81D8-36BED966B5A6}.Release|Any CPU.ActiveCfg = Release|Any CPU
		{E0782369-9181-429E-81D8-36BED966B5A6}.Release|Any CPU.Build.0 = Release|Any CPU
		{00FF12DF-ADE4-40B7-A099-EE1ACA4D8E46}.Debug|Any CPU.ActiveCfg = Debug|Any CPU
		{00FF12DF-ADE4-40B7-A099-EE1ACA4D8E46}.Debug|Any CPU.Build.0 = Debug|Any CPU
		{00FF12DF-ADE4-40B7-A099-EE1ACA4D8E46}.Release|Any CPU.ActiveCfg = Release|Any CPU
		{00FF12DF-ADE4-40B7-A099-EE1ACA4D8E46}.Release|Any CPU.Build.0 = Release|Any CPU
		{3FD6C71D-4A7E-430D-935E-7A235AF94103}.Debug|Any CPU.ActiveCfg = Debug|Any CPU
		{3FD6C71D-4A7E-430D-935E-7A235AF94103}.Debug|Any CPU.Build.0 = Debug|Any CPU
		{3FD6C71D-4A7E-430D-935E-7A235AF94103}.Release|Any CPU.ActiveCfg = Release|Any CPU
		{3FD6C71D-4A7E-430D-935E-7A235AF94103}.Release|Any CPU.Build.0 = Release|Any CPU
		{BE4264CF-DF0B-483C-ABE3-9FA82A2375B3}.Debug|Any CPU.ActiveCfg = Debug|Any CPU
		{BE4264CF-DF0B-483C-ABE3-9FA82A2375B3}.Debug|Any CPU.Build.0 = Debug|Any CPU
		{BE4264CF-DF0B-483C-ABE3-9FA82A2375B3}.Release|Any CPU.ActiveCfg = Release|Any CPU
		{BE4264CF-DF0B-483C-ABE3-9FA82A2375B3}.Release|Any CPU.Build.0 = Release|Any CPU
		{58CCCFE6-36E3-4F0B-AAF1-C03497BC4BB4}.Debug|Any CPU.ActiveCfg = Debug|Any CPU
		{58CCCFE6-36E3-4F0B-AAF1-C03497BC4BB4}.Debug|Any CPU.Build.0 = Debug|Any CPU
		{58CCCFE6-36E3-4F0B-AAF1-C03497BC4BB4}.Release|Any CPU.ActiveCfg = Release|Any CPU
		{58CCCFE6-36E3-4F0B-AAF1-C03497BC4BB4}.Release|Any CPU.Build.0 = Release|Any CPU
		{2D067588-F33B-4C35-91E5-9FFFDAAC07D8}.Debug|Any CPU.ActiveCfg = Debug|Any CPU
		{2D067588-F33B-4C35-91E5-9FFFDAAC07D8}.Debug|Any CPU.Build.0 = Debug|Any CPU
		{2D067588-F33B-4C35-91E5-9FFFDAAC07D8}.Release|Any CPU.ActiveCfg = Release|Any CPU
		{2D067588-F33B-4C35-91E5-9FFFDAAC07D8}.Release|Any CPU.Build.0 = Release|Any CPU
		{024C9F72-F803-40EA-BFA6-25F9E51DA983}.Debug|Any CPU.ActiveCfg = Debug|Any CPU
		{024C9F72-F803-40EA-BFA6-25F9E51DA983}.Debug|Any CPU.Build.0 = Debug|Any CPU
		{024C9F72-F803-40EA-BFA6-25F9E51DA983}.Release|Any CPU.ActiveCfg = Release|Any CPU
		{024C9F72-F803-40EA-BFA6-25F9E51DA983}.Release|Any CPU.Build.0 = Release|Any CPU
		{69D8E16B-4954-4314-A927-B3F650D8CD13}.Debug|Any CPU.ActiveCfg = Debug|Any CPU
		{69D8E16B-4954-4314-A927-B3F650D8CD13}.Debug|Any CPU.Build.0 = Debug|Any CPU
		{69D8E16B-4954-4314-A927-B3F650D8CD13}.Release|Any CPU.ActiveCfg = Release|Any CPU
		{69D8E16B-4954-4314-A927-B3F650D8CD13}.Release|Any CPU.Build.0 = Release|Any CPU
		{B01CCC55-0BC5-4537-9CF9-95E8692B4E66}.Debug|Any CPU.ActiveCfg = Debug|Any CPU
		{B01CCC55-0BC5-4537-9CF9-95E8692B4E66}.Debug|Any CPU.Build.0 = Debug|Any CPU
		{B01CCC55-0BC5-4537-9CF9-95E8692B4E66}.Release|Any CPU.ActiveCfg = Release|Any CPU
		{B01CCC55-0BC5-4537-9CF9-95E8692B4E66}.Release|Any CPU.Build.0 = Release|Any CPU
		{805DCFE3-D398-424C-9CE2-1B1DA91CA8E5}.Debug|Any CPU.ActiveCfg = Debug|Any CPU
		{805DCFE3-D398-424C-9CE2-1B1DA91CA8E5}.Debug|Any CPU.Build.0 = Debug|Any CPU
		{805DCFE3-D398-424C-9CE2-1B1DA91CA8E5}.Release|Any CPU.ActiveCfg = Release|Any CPU
		{805DCFE3-D398-424C-9CE2-1B1DA91CA8E5}.Release|Any CPU.Build.0 = Release|Any CPU
	EndGlobalSection
	GlobalSection(SolutionProperties) = preSolution
		HideSolutionNode = FALSE
	EndGlobalSection
	GlobalSection(ExtensibilityGlobals) = postSolution
		SolutionGuid = {D38EAAB3-8CAE-4B1F-B67E-F3A8003E6766}
	EndGlobalSection
EndGlobal
