
Microsoft Visual Studio Solution File, Format Version 12.00
# Visual Studio Version 17
VisualStudioVersion = 17.14.36301.6
MinimumVisualStudioVersion = 10.0.40219.1
Project("{FAE04EC0-301F-11D3-BF4B-00C04F79EFBC}") = "IdentityDemo2025", "IdentityDemo2025\IdentityDemo2025.csproj", "{3EAF7142-5AF6-46AF-956D-C0C396E2E13B}"
EndProject
Global
	GlobalSection(SolutionConfigurationPlatforms) = preSolution
		Debug|Any CPU = Debug|Any CPU
		Release|Any CPU = Release|Any CPU
	EndGlobalSection
	GlobalSection(ProjectConfigurationPlatforms) = postSolution
		{3EAF7142-5AF6-46AF-956D-C0C396E2E13B}.Debug|Any CPU.ActiveCfg = Debug|Any CPU
		{3EAF7142-5AF6-46AF-956D-C0C396E2E13B}.Debug|Any CPU.Build.0 = Debug|Any CPU
		{3EAF7142-5AF6-46AF-956D-C0C396E2E13B}.Release|Any CPU.ActiveCfg = Release|Any CPU
		{3EAF7142-5AF6-46AF-956D-C0C396E2E13B}.Release|Any CPU.Build.0 = Release|Any CPU
	EndGlobalSection
	GlobalSection(SolutionProperties) = preSolution
		HideSolutionNode = FALSE
	EndGlobalSection
	GlobalSection(ExtensibilityGlobals) = postSolution
		SolutionGuid = {4A84C8B3-148E-4EED-A5F5-D535F92AD7D9}
	EndGlobalSection
EndGlobal
