
Microsoft Visual Studio Solution File, Format Version 12.00
# Visual Studio Version 17
VisualStudioVersion = 17.10.35013.160
MinimumVisualStudioVersion = 10.0.40219.1
Project("{9A19103F-16F7-4668-BE54-9A1E7A4F7556}") = "01. Single Inheritance", "01. Single Inheritance\01. Single Inheritance.csproj", "{92616251-00DC-45A3-93E2-66B52E91B0EE}"
EndProject
Project("{FAE04EC0-301F-11D3-BF4B-00C04F79EFBC}") = "04. Random List", "04. Random List\04. Random List.csproj", "{30EFB3F2-A02D-4976-A046-F233F337515D}"
EndProject
Project("{FAE04EC0-301F-11D3-BF4B-00C04F79EFBC}") = "5. Stack of Strings", "5. Stack of Strings\5. Stack of Strings.csproj", "{D9AF16BA-D2BC-419B-B94E-62FC2739D3A9}"
EndProject
Global
	GlobalSection(SolutionConfigurationPlatforms) = preSolution
		Debug|Any CPU = Debug|Any CPU
		Release|Any CPU = Release|Any CPU
	EndGlobalSection
	GlobalSection(ProjectConfigurationPlatforms) = postSolution
		{92616251-00DC-45A3-93E2-66B52E91B0EE}.Debug|Any CPU.ActiveCfg = Debug|Any CPU
		{92616251-00DC-45A3-93E2-66B52E91B0EE}.Debug|Any CPU.Build.0 = Debug|Any CPU
		{92616251-00DC-45A3-93E2-66B52E91B0EE}.Release|Any CPU.ActiveCfg = Release|Any CPU
		{92616251-00DC-45A3-93E2-66B52E91B0EE}.Release|Any CPU.Build.0 = Release|Any CPU
		{30EFB3F2-A02D-4976-A046-F233F337515D}.Debug|Any CPU.ActiveCfg = Debug|Any CPU
		{30EFB3F2-A02D-4976-A046-F233F337515D}.Debug|Any CPU.Build.0 = Debug|Any CPU
		{30EFB3F2-A02D-4976-A046-F233F337515D}.Release|Any CPU.ActiveCfg = Release|Any CPU
		{30EFB3F2-A02D-4976-A046-F233F337515D}.Release|Any CPU.Build.0 = Release|Any CPU
		{D9AF16BA-D2BC-419B-B94E-62FC2739D3A9}.Debug|Any CPU.ActiveCfg = Debug|Any CPU
		{D9AF16BA-D2BC-419B-B94E-62FC2739D3A9}.Debug|Any CPU.Build.0 = Debug|Any CPU
		{D9AF16BA-D2BC-419B-B94E-62FC2739D3A9}.Release|Any CPU.ActiveCfg = Release|Any CPU
		{D9AF16BA-D2BC-419B-B94E-62FC2739D3A9}.Release|Any CPU.Build.0 = Release|Any CPU
	EndGlobalSection
	GlobalSection(SolutionProperties) = preSolution
		HideSolutionNode = FALSE
	EndGlobalSection
	GlobalSection(ExtensibilityGlobals) = postSolution
		SolutionGuid = {C32BA78C-885C-4700-B6DF-22ED9EAA7EB9}
	EndGlobalSection
EndGlobal
