
Microsoft Visual Studio Solution File, Format Version 12.00
# Visual Studio Version 17
VisualStudioVersion = 17.14.36301.6 d17.14
MinimumVisualStudioVersion = 10.0.40219.1
Project("{FAE04EC0-301F-11D3-BF4B-00C04F79EFBC}") = "ShoppingListApp", "ShoppingListApp\ShoppingListApp.csproj", "{CAE967DB-9F45-4AE0-9C98-8AFDAA253357}"
EndProject
Global
	GlobalSection(SolutionConfigurationPlatforms) = preSolution
		Debug|Any CPU = Debug|Any CPU
		Release|Any CPU = Release|Any CPU
	EndGlobalSection
	GlobalSection(ProjectConfigurationPlatforms) = postSolution
		{CAE967DB-9F45-4AE0-9C98-8AFDAA253357}.Debug|Any CPU.ActiveCfg = Debug|Any CPU
		{CAE967DB-9F45-4AE0-9C98-8AFDAA253357}.Debug|Any CPU.Build.0 = Debug|Any CPU
		{CAE967DB-9F45-4AE0-9C98-8AFDAA253357}.Release|Any CPU.ActiveCfg = Release|Any CPU
		{CAE967DB-9F45-4AE0-9C98-8AFDAA253357}.Release|Any CPU.Build.0 = Release|Any CPU
	EndGlobalSection
	GlobalSection(SolutionProperties) = preSolution
		HideSolutionNode = FALSE
	EndGlobalSection
	GlobalSection(ExtensibilityGlobals) = postSolution
		SolutionGuid = {DD3F7BD2-3190-41C7-8990-0944A8160C1D}
	EndGlobalSection
EndGlobal
