
Microsoft Visual Studio Solution File, Format Version 12.00
# Visual Studio Version 16
VisualStudioVersion = 16.0.29001.49
MinimumVisualStudioVersion = 10.0.40219.1
Project("{9A19103F-16F7-4668-BE54-9A1E7A4F7556}") = "01. Excellent Result", "Conditional Statements - Lab\01. Excellent Result.csproj", "{F53CF3BE-472F-4DA9-8CFF-D7C0685F1232}"
EndProject
Project("{9A19103F-16F7-4668-BE54-9A1E7A4F7556}") = "02. Greater Number", "02. Greater Number\02. Greater Number.csproj", "{1886CBF4-0D19-4D68-BB12-B709DBB7FAF0}"
EndProject
Project("{9A19103F-16F7-4668-BE54-9A1E7A4F7556}") = "03. Even or Odd", "03. Even or Odd\03. Even or Odd.csproj", "{356888C7-9946-4738-8507-E4C515468D60}"
EndProject
Project("{9A19103F-16F7-4668-BE54-9A1E7A4F7556}") = "04. Password Guess", "04. Password Guess\04. Password Guess.csproj", "{97F36E18-C1D6-4461-B6F7-5B0AF46B0252}"
EndProject
Project("{9A19103F-16F7-4668-BE54-9A1E7A4F7556}") = "05. Number 100-200", "05. Number 100-200\05. Number 100-200.csproj", "{A2F4AE88-E49A-4223-8032-6996ECD1E993}"
EndProject
Project("{9A19103F-16F7-4668-BE54-9A1E7A4F7556}") = "08.Area of Figures ELEGANT", "demo\08.Area of Figures ELEGANT.csproj", "{17AB5BA2-51CF-4BD8-A757-00204CF8059E}"
EndProject
Project("{9A19103F-16F7-4668-BE54-9A1E7A4F7556}") = "06. Speed Info", "06. Speed Info\06. Speed Info.csproj", "{5E3AAA5A-320B-43B4-878E-116E7F1056BA}"
EndProject
Project("{9A19103F-16F7-4668-BE54-9A1E7A4F7556}") = "07. Area of Figures", "07. Area of Figures\07. Area of Figures.csproj", "{B63F2535-9257-4E4A-A79D-11E2BEFFFCD5}"
EndProject
Global
	GlobalSection(SolutionConfigurationPlatforms) = preSolution
		Debug|Any CPU = Debug|Any CPU
		Release|Any CPU = Release|Any CPU
	EndGlobalSection
	GlobalSection(ProjectConfigurationPlatforms) = postSolution
		{F53CF3BE-472F-4DA9-8CFF-D7C0685F1232}.Debug|Any CPU.ActiveCfg = Debug|Any CPU
		{F53CF3BE-472F-4DA9-8CFF-D7C0685F1232}.Debug|Any CPU.Build.0 = Debug|Any CPU
		{F53CF3BE-472F-4DA9-8CFF-D7C0685F1232}.Release|Any CPU.ActiveCfg = Release|Any CPU
		{F53CF3BE-472F-4DA9-8CFF-D7C0685F1232}.Release|Any CPU.Build.0 = Release|Any CPU
		{1886CBF4-0D19-4D68-BB12-B709DBB7FAF0}.Debug|Any CPU.ActiveCfg = Debug|Any CPU
		{1886CBF4-0D19-4D68-BB12-B709DBB7FAF0}.Debug|Any CPU.Build.0 = Debug|Any CPU
		{1886CBF4-0D19-4D68-BB12-B709DBB7FAF0}.Release|Any CPU.ActiveCfg = Release|Any CPU
		{1886CBF4-0D19-4D68-BB12-B709DBB7FAF0}.Release|Any CPU.Build.0 = Release|Any CPU
		{356888C7-9946-4738-8507-E4C515468D60}.Debug|Any CPU.ActiveCfg = Debug|Any CPU
		{356888C7-9946-4738-8507-E4C515468D60}.Debug|Any CPU.Build.0 = Debug|Any CPU
		{356888C7-9946-4738-8507-E4C515468D60}.Release|Any CPU.ActiveCfg = Release|Any CPU
		{356888C7-9946-4738-8507-E4C515468D60}.Release|Any CPU.Build.0 = Release|Any CPU
		{97F36E18-C1D6-4461-B6F7-5B0AF46B0252}.Debug|Any CPU.ActiveCfg = Debug|Any CPU
		{97F36E18-C1D6-4461-B6F7-5B0AF46B0252}.Debug|Any CPU.Build.0 = Debug|Any CPU
		{97F36E18-C1D6-4461-B6F7-5B0AF46B0252}.Release|Any CPU.ActiveCfg = Release|Any CPU
		{97F36E18-C1D6-4461-B6F7-5B0AF46B0252}.Release|Any CPU.Build.0 = Release|Any CPU
		{A2F4AE88-E49A-4223-8032-6996ECD1E993}.Debug|Any CPU.ActiveCfg = Debug|Any CPU
		{A2F4AE88-E49A-4223-8032-6996ECD1E993}.Debug|Any CPU.Build.0 = Debug|Any CPU
		{A2F4AE88-E49A-4223-8032-6996ECD1E993}.Release|Any CPU.ActiveCfg = Release|Any CPU
		{A2F4AE88-E49A-4223-8032-6996ECD1E993}.Release|Any CPU.Build.0 = Release|Any CPU
		{17AB5BA2-51CF-4BD8-A757-00204CF8059E}.Debug|Any CPU.ActiveCfg = Debug|Any CPU
		{17AB5BA2-51CF-4BD8-A757-00204CF8059E}.Debug|Any CPU.Build.0 = Debug|Any CPU
		{17AB5BA2-51CF-4BD8-A757-00204CF8059E}.Release|Any CPU.ActiveCfg = Release|Any CPU
		{17AB5BA2-51CF-4BD8-A757-00204CF8059E}.Release|Any CPU.Build.0 = Release|Any CPU
		{5E3AAA5A-320B-43B4-878E-116E7F1056BA}.Debug|Any CPU.ActiveCfg = Debug|Any CPU
		{5E3AAA5A-320B-43B4-878E-116E7F1056BA}.Debug|Any CPU.Build.0 = Debug|Any CPU
		{5E3AAA5A-320B-43B4-878E-116E7F1056BA}.Release|Any CPU.ActiveCfg = Release|Any CPU
		{5E3AAA5A-320B-43B4-878E-116E7F1056BA}.Release|Any CPU.Build.0 = Release|Any CPU
		{B63F2535-9257-4E4A-A79D-11E2BEFFFCD5}.Debug|Any CPU.ActiveCfg = Debug|Any CPU
		{B63F2535-9257-4E4A-A79D-11E2BEFFFCD5}.Debug|Any CPU.Build.0 = Debug|Any CPU
		{B63F2535-9257-4E4A-A79D-11E2BEFFFCD5}.Release|Any CPU.ActiveCfg = Release|Any CPU
		{B63F2535-9257-4E4A-A79D-11E2BEFFFCD5}.Release|Any CPU.Build.0 = Release|Any CPU
	EndGlobalSection
	GlobalSection(SolutionProperties) = preSolution
		HideSolutionNode = FALSE
	EndGlobalSection
	GlobalSection(ExtensibilityGlobals) = postSolution
		SolutionGuid = {D7F47D6C-E291-43C7-8D74-10AD7B0BA347}
	EndGlobalSection
EndGlobal
