
Microsoft Visual Studio Solution File, Format Version 12.00
# Visual Studio Version 17
VisualStudioVersion = 17.14.36301.6 d17.14
MinimumVisualStudioVersion = 10.0.40219.1
Project("{FAE04EC0-301F-11D3-BF4B-00C04F79EFBC}") = "ShoppingListApp2025", "ShoppingListApp2025\ShoppingListApp2025.csproj", "{B02DEF9A-EEBB-4A45-9585-4E68EA3D684F}"
EndProject
Global
	GlobalSection(SolutionConfigurationPlatforms) = preSolution
		Debug|Any CPU = Debug|Any CPU
		Release|Any CPU = Release|Any CPU
	EndGlobalSection
	GlobalSection(ProjectConfigurationPlatforms) = postSolution
		{B02DEF9A-EEBB-4A45-9585-4E68EA3D684F}.Debug|Any CPU.ActiveCfg = Debug|Any CPU
		{B02DEF9A-EEBB-4A45-9585-4E68EA3D684F}.Debug|Any CPU.Build.0 = Debug|Any CPU
		{B02DEF9A-EEBB-4A45-9585-4E68EA3D684F}.Release|Any CPU.ActiveCfg = Release|Any CPU
		{B02DEF9A-EEBB-4A45-9585-4E68EA3D684F}.Release|Any CPU.Build.0 = Release|Any CPU
	EndGlobalSection
	GlobalSection(SolutionProperties) = preSolution
		HideSolutionNode = FALSE
	EndGlobalSection
	GlobalSection(ExtensibilityGlobals) = postSolution
		SolutionGuid = {DC6DDD3E-CBBE-4515-A377-093D7238D2C3}
	EndGlobalSection
EndGlobal
